
Microsoft Visual Studio Solution File, Format Version 12.00
# Visual Studio 2013
VisualStudioVersion = 12.0.30723.0
MinimumVisualStudioVersion = 10.0.40219.1
Project("{FAE04EC0-301F-11D3-BF4B-00C04F79EFBC}") = "StreamingParser", "StreamingParser\StreamingParser.csproj", "{F3DC15B0-8D1B-41DF-AF8E-53956FD813CC}"
EndProject
Project("{FAE04EC0-301F-11D3-BF4B-00C04F79EFBC}") = "StreamingParserTests", "StreamingParserTests\StreamingParserTests.csproj", "{3CA4E456-77AE-44FF-BBD4-89953B20B18D}"
	ProjectSection(ProjectDependencies) = postProject
		{F3DC15B0-8D1B-41DF-AF8E-53956FD813CC} = {F3DC15B0-8D1B-41DF-AF8E-53956FD813CC}
	EndProjectSection
EndProject
Global
	GlobalSection(SolutionConfigurationPlatforms) = preSolution
		Debug|Any CPU = Debug|Any CPU
		Release|Any CPU = Release|Any CPU
	EndGlobalSection
	GlobalSection(ProjectConfigurationPlatforms) = postSolution
		{F3DC15B0-8D1B-41DF-AF8E-53956FD813CC}.Debug|Any CPU.ActiveCfg = Debug|Any CPU
		{F3DC15B0-8D1B-41DF-AF8E-53956FD813CC}.Debug|Any CPU.Build.0 = Debug|Any CPU
		{F3DC15B0-8D1B-41DF-AF8E-53956FD813CC}.Release|Any CPU.ActiveCfg = Release|Any CPU
		{F3DC15B0-8D1B-41DF-AF8E-53956FD813CC}.Release|Any CPU.Build.0 = Release|Any CPU
		{3CA4E456-77AE-44FF-BBD4-89953B20B18D}.Debug|Any CPU.ActiveCfg = Debug|Any CPU
		{3CA4E456-77AE-44FF-BBD4-89953B20B18D}.Debug|Any CPU.Build.0 = Debug|Any CPU
		{3CA4E456-77AE-44FF-BBD4-89953B20B18D}.Release|Any CPU.ActiveCfg = Release|Any CPU
		{3CA4E456-77AE-44FF-BBD4-89953B20B18D}.Release|Any CPU.Build.0 = Release|Any CPU
	EndGlobalSection
	GlobalSection(SolutionProperties) = preSolution
		HideSolutionNode = FALSE
	EndGlobalSection
EndGlobal
